
Microsoft Visual Studio Solution File, Format Version 12.00
# Visual Studio Version 17
VisualStudioVersion = 17.2.32516.85
MinimumVisualStudioVersion = 10.0.40219.1
Project("{9A19103F-16F7-4668-BE54-9A1E7A4F7556}") = "TopUp1", "TopUp1\TopUp1.csproj", "{88CA147D-EA1E-4FF9-B924-EEC4FD948CCA}"
EndProject
Project("{FAE04EC0-301F-11D3-BF4B-00C04F79EFBC}") = "TopUp1Test", "TopUp1Test\TopUp1Test.csproj", "{2A1E2B43-4870-4979-B512-3AC00CFF89F3}"
EndProject
Project("{FAE04EC0-301F-11D3-BF4B-00C04F79EFBC}") = "TopUp1GUI", "TopUp1GUI\TopUp1GUI.csproj", "{98B5219E-6D3C-4420-B7E8-B28F41821701}"
EndProject
Global
	GlobalSection(SolutionConfigurationPlatforms) = preSolution
		Debug|Any CPU = Debug|Any CPU
		Release|Any CPU = Release|Any CPU
	EndGlobalSection
	GlobalSection(ProjectConfigurationPlatforms) = postSolution
		{88CA147D-EA1E-4FF9-B924-EEC4FD948CCA}.Debug|Any CPU.ActiveCfg = Debug|Any CPU
		{88CA147D-EA1E-4FF9-B924-EEC4FD948CCA}.Debug|Any CPU.Build.0 = Debug|Any CPU
		{88CA147D-EA1E-4FF9-B924-EEC4FD948CCA}.Release|Any CPU.ActiveCfg = Release|Any CPU
		{88CA147D-EA1E-4FF9-B924-EEC4FD948CCA}.Release|Any CPU.Build.0 = Release|Any CPU
		{98B5219E-6D3C-4420-B7E8-B28F41821701}.Debug|Any CPU.ActiveCfg = Debug|Any CPU
		{98B5219E-6D3C-4420-B7E8-B28F41821701}.Debug|Any CPU.Build.0 = Debug|Any CPU
		{98B5219E-6D3C-4420-B7E8-B28F41821701}.Release|Any CPU.ActiveCfg = Release|Any CPU
		{98B5219E-6D3C-4420-B7E8-B28F41821701}.Release|Any CPU.Build.0 = Release|Any CPU
		{2A1E2B43-4870-4979-B512-3AC00CFF89F3}.Debug|Any CPU.ActiveCfg = Debug|Any CPU
		{2A1E2B43-4870-4979-B512-3AC00CFF89F3}.Debug|Any CPU.Build.0 = Debug|Any CPU
		{2A1E2B43-4870-4979-B512-3AC00CFF89F3}.Release|Any CPU.ActiveCfg = Release|Any CPU
		{2A1E2B43-4870-4979-B512-3AC00CFF89F3}.Release|Any CPU.Build.0 = Release|Any CPU
	EndGlobalSection
	GlobalSection(SolutionProperties) = preSolution
		HideSolutionNode = FALSE
	EndGlobalSection
	GlobalSection(ExtensibilityGlobals) = postSolution
		SolutionGuid = {33D782CD-5573-4D55-BEE8-7C8438E2930C}
	EndGlobalSection
EndGlobal
